
Microsoft Visual Studio Solution File, Format Version 12.00
# Visual Studio Version 16
VisualStudioVersion = 16.0.30517.126
MinimumVisualStudioVersion = 10.0.40219.1
Project("{FAE04EC0-301F-11D3-BF4B-00C04F79EFBC}") = "homework4_2", "homework4_2\homework4_2.csproj", "{3E5602D9-CB65-4B0B-AEE8-48E439FC5707}"
EndProject
Global
	GlobalSection(SolutionConfigurationPlatforms) = preSolution
		Debug|Any CPU = Debug|Any CPU
		Release|Any CPU = Release|Any CPU
	EndGlobalSection
	GlobalSection(ProjectConfigurationPlatforms) = postSolution
		{3E5602D9-CB65-4B0B-AEE8-48E439FC5707}.Debug|Any CPU.ActiveCfg = Debug|Any CPU
		{3E5602D9-CB65-4B0B-AEE8-48E439FC5707}.Debug|Any CPU.Build.0 = Debug|Any CPU
		{3E5602D9-CB65-4B0B-AEE8-48E439FC5707}.Release|Any CPU.ActiveCfg = Release|Any CPU
		{3E5602D9-CB65-4B0B-AEE8-48E439FC5707}.Release|Any CPU.Build.0 = Release|Any CPU
	EndGlobalSection
	GlobalSection(SolutionProperties) = preSolution
		HideSolutionNode = FALSE
	EndGlobalSection
	GlobalSection(ExtensibilityGlobals) = postSolution
		SolutionGuid = {EE81B461-E964-4072-9DF6-1DC5CCBF458F}
	EndGlobalSection
EndGlobal
